<?xml version="1.0" encoding="utf-8"?>
<Project ToolsVersion="4.0" xmlns="http://schemas.microsoft.com/developer/msbuild/2003">
  <ItemGroup>
    <Filter Include="Исходные файлы">
      <UniqueIdentifier>{4FC737F1-C7A5-4376-A066-2A32D752A2FF}</UniqueIdentifier>
      <Extensions>cpp;c;cc;cxx;c++;cppm;ixx;def;odl;idl;hpj;bat;asm;asmx</Extensions>
    </Filter>
    <Filter Include="Файлы заголовков">
      <UniqueIdentifier>{93995380-89BD-4b04-88EB-625FBE52EBFB}</UniqueIdentifier>
      <Extensions>h;hh;hpp;hxx;h++;hm;inl;inc;ipp;xsd</Extensions>
    </Filter>
    <Filter Include="Файлы ресурсов">
      <UniqueIdentifier>{67DA6AB6-F800-4c08-8B7A-83BB121AAD01}</UniqueIdentifier>
      <Extensions>rc;ico;cur;bmp;dlg;rc2;rct;bin;rgs;gif;jpg;jpeg;jpe;resx;tiff;tif;png;wav;mfcribbon-ms</Extensions>
    </Filter>
  </ItemGroup>
  <ItemGroup>
    <ClInclude Include="framework.h">
      <Filter>Файлы заголовков</Filter>
    </ClInclude>
    <ClInclude Include="targetver.h">
      <Filter>Файлы заголовков</Filter>
    </ClInclude>
    <ClInclude Include="Resource.h">
      <Filter>Файлы заголовков</Filter>
    </ClInclude>
    <ClInclude Include="wenv.h">
      <Filter>Файлы заголовков</Filter>
    </ClInclude>
    <ClInclude Include="display\Palette.h">
      <Filter>Файлы заголовков</Filter>
    </ClInclude>
    <ClInclude Include="layout\Layout.h">
      <Filter>Файлы заголовков</Filter>
    </ClInclude>
    <ClInclude Include="display\Character.h">
      <Filter>Файлы заголовков</Filter>
    </ClInclude>
    <ClInclude Include="display\Display.h">
      <Filter>Файлы заголовков</Filter>
    </ClInclude>
    <ClInclude Include="display\Window.h">
      <Filter>Файлы заголовков</Filter>
    </ClInclude>
    <ClInclude Include="maxy\strings.h">
      <Filter>Файлы заголовков</Filter>
    </ClInclude>
    <ClInclude Include="layout\Grid.h">
      <Filter>Файлы заголовков</Filter>
    </ClInclude>
    <ClInclude Include="apps\App.h">
      <Filter>Файлы заголовков</Filter>
    </ClInclude>
    <ClInclude Include="Types.h">
      <Filter>Файлы заголовков</Filter>
    </ClInclude>
    <ClInclude Include="apps\FuncMenu.h">
      <Filter>Файлы заголовков</Filter>
    </ClInclude>
    <ClInclude Include="apps\Context.h">
      <Filter>Файлы заголовков</Filter>
    </ClInclude>
    <ClInclude Include="apps\FileManager\FileList.h">
      <Filter>Файлы заголовков</Filter>
    </ClInclude>
    <ClInclude Include="apps\FileManager\FileInfoShort.h">
      <Filter>Файлы заголовков</Filter>
    </ClInclude>
    <ClInclude Include="apps\FileManager\FileListHeader.h">
      <Filter>Файлы заголовков</Filter>
    </ClInclude>
    <ClInclude Include="apps\FileEditor\FileEditorStatusBar.h">
      <Filter>Файлы заголовков</Filter>
    </ClInclude>
    <ClInclude Include="apps\FileEditor\FileEditor.h">
      <Filter>Файлы заголовков</Filter>
    </ClInclude>
  </ItemGroup>
  <ItemGroup>
    <ClCompile Include="wenv.cpp">
      <Filter>Исходные файлы</Filter>
    </ClCompile>
    <ClCompile Include="display\Palette.cpp">
      <Filter>Исходные файлы</Filter>
    </ClCompile>
    <ClCompile Include="layout\Layout.cpp">
      <Filter>Исходные файлы</Filter>
    </ClCompile>
    <ClCompile Include="display\Display-Output.cpp">
      <Filter>Исходные файлы</Filter>
    </ClCompile>
    <ClCompile Include="display\Display.cpp">
      <Filter>Исходные файлы</Filter>
    </ClCompile>
    <ClCompile Include="display\Character.cpp">
      <Filter>Исходные файлы</Filter>
    </ClCompile>
    <ClCompile Include="fonts.cpp">
      <Filter>Исходные файлы</Filter>
    </ClCompile>
    <ClCompile Include="display\Window.cpp">
      <Filter>Исходные файлы</Filter>
    </ClCompile>
    <ClCompile Include="maxy\strings.cpp">
      <Filter>Исходные файлы</Filter>
    </ClCompile>
    <ClCompile Include="layout\Grid.cpp">
      <Filter>Исходные файлы</Filter>
    </ClCompile>
    <ClCompile Include="apps\FuncMenu.cpp">
      <Filter>Исходные файлы</Filter>
    </ClCompile>
    <ClCompile Include="display\Window-Init.cpp">
      <Filter>Исходные файлы</Filter>
    </ClCompile>
    <ClCompile Include="apps\FileManager\FileList.cpp">
      <Filter>Исходные файлы</Filter>
    </ClCompile>
    <ClCompile Include="display\Window-Input.cpp">
      <Filter>Исходные файлы</Filter>
    </ClCompile>
    <ClCompile Include="apps\FileManager\FileInfoShort.cpp">
      <Filter>Исходные файлы</Filter>
    </ClCompile>
    <ClCompile Include="apps\FileManager\FileListHeader.cpp">
      <Filter>Исходные файлы</Filter>
    </ClCompile>
    <ClCompile Include="apps\App.cpp">
      <Filter>Исходные файлы</Filter>
    </ClCompile>
    <ClCompile Include="apps\FileEditor\FileEditor.cpp">
      <Filter>Исходные файлы</Filter>
    </ClCompile>
    <ClCompile Include="apps\FileEditor\FileEditorStatusBar.cpp">
      <Filter>Исходные файлы</Filter>
    </ClCompile>
  </ItemGroup>
  <ItemGroup>
    <ResourceCompile Include="wenv.rc">
      <Filter>Файлы ресурсов</Filter>
    </ResourceCompile>
  </ItemGroup>
  <ItemGroup>
    <Image Include="wenv.ico">
      <Filter>Файлы ресурсов</Filter>
    </Image>
  </ItemGroup>
  <ItemGroup>
    <Manifest Include="app.manifest" />
  </ItemGroup>
</Project>